
Microsoft Visual Studio Solution File, Format Version 12.00
# Visual Studio Version 18
VisualStudioVersion = 18.4.11626.88 stable
MinimumVisualStudioVersion = 10.0.40219.1
Project("{FAE04EC0-301F-11D3-BF4B-00C04F79EFBC}") = "SamanthaX.WebMVC", "SamanthaX.WebMVC\SamanthaX.WebMVC.csproj", "{26984550-9AB0-4FF3-A164-36DA048C4184}"
EndProject
Project("{FAE04EC0-301F-11D3-BF4B-00C04F79EFBC}") = "SamanthaX.Model", "..\SamanthaX.Model\SamanthaX.Model.csproj", "{D7110236-5842-4563-96FF-62978FC110E0}"
EndProject
Project("{FAE04EC0-301F-11D3-BF4B-00C04F79EFBC}") = "SamanthaX.Library", "..\SamanthaX.Library\SamanthaX.Library.csproj", "{6DA4E158-6AEF-41EA-8B85-0A5336AF09AF}"
EndProject
Global
	GlobalSection(SolutionConfigurationPlatforms) = preSolution
		Debug|Any CPU = Debug|Any CPU
		Release|Any CPU = Release|Any CPU
	EndGlobalSection
	GlobalSection(ProjectConfigurationPlatforms) = postSolution
		{26984550-9AB0-4FF3-A164-36DA048C4184}.Debug|Any CPU.ActiveCfg = Debug|Any CPU
		{26984550-9AB0-4FF3-A164-36DA048C4184}.Debug|Any CPU.Build.0 = Debug|Any CPU
		{26984550-9AB0-4FF3-A164-36DA048C4184}.Release|Any CPU.ActiveCfg = Release|Any CPU
		{26984550-9AB0-4FF3-A164-36DA048C4184}.Release|Any CPU.Build.0 = Release|Any CPU
		{D7110236-5842-4563-96FF-62978FC110E0}.Debug|Any CPU.ActiveCfg = Debug|Any CPU
		{D7110236-5842-4563-96FF-62978FC110E0}.Debug|Any CPU.Build.0 = Debug|Any CPU
		{D7110236-5842-4563-96FF-62978FC110E0}.Release|Any CPU.ActiveCfg = Release|Any CPU
		{D7110236-5842-4563-96FF-62978FC110E0}.Release|Any CPU.Build.0 = Release|Any CPU
		{6DA4E158-6AEF-41EA-8B85-0A5336AF09AF}.Debug|Any CPU.ActiveCfg = Debug|Any CPU
		{6DA4E158-6AEF-41EA-8B85-0A5336AF09AF}.Debug|Any CPU.Build.0 = Debug|Any CPU
		{6DA4E158-6AEF-41EA-8B85-0A5336AF09AF}.Release|Any CPU.ActiveCfg = Release|Any CPU
		{6DA4E158-6AEF-41EA-8B85-0A5336AF09AF}.Release|Any CPU.Build.0 = Release|Any CPU
	EndGlobalSection
	GlobalSection(SolutionProperties) = preSolution
		HideSolutionNode = FALSE
	EndGlobalSection
	GlobalSection(ExtensibilityGlobals) = postSolution
		SolutionGuid = {5CD55351-F8C4-4786-9ECA-531C52E9D508}
	EndGlobalSection
EndGlobal
